
Microsoft Visual Studio Solution File, Format Version 12.00
# Visual Studio Version 16
VisualStudioVersion = 16.0.31321.278
MinimumVisualStudioVersion = 10.0.40219.1
Project("{FAE04EC0-301F-11D3-BF4B-00C04F79EFBC}") = "MVC_July_project", "MVC_July_project.csproj", "{68CFF442-CE54-47AE-AE5A-09AB141F8E66}"
EndProject
Global
	GlobalSection(SolutionConfigurationPlatforms) = preSolution
		Debug|Any CPU = Debug|Any CPU
		Release|Any CPU = Release|Any CPU
	EndGlobalSection
	GlobalSection(ProjectConfigurationPlatforms) = postSolution
		{68CFF442-CE54-47AE-AE5A-09AB141F8E66}.Debug|Any CPU.ActiveCfg = Debug|Any CPU
		{68CFF442-CE54-47AE-AE5A-09AB141F8E66}.Debug|Any CPU.Build.0 = Debug|Any CPU
		{68CFF442-CE54-47AE-AE5A-09AB141F8E66}.Release|Any CPU.ActiveCfg = Release|Any CPU
		{68CFF442-CE54-47AE-AE5A-09AB141F8E66}.Release|Any CPU.Build.0 = Release|Any CPU
	EndGlobalSection
	GlobalSection(SolutionProperties) = preSolution
		HideSolutionNode = FALSE
	EndGlobalSection
	GlobalSection(ExtensibilityGlobals) = postSolution
		SolutionGuid = {46C6098A-E292-4BE8-8974-C772CBD97C0E}
	EndGlobalSection
EndGlobal
